
Microsoft Visual Studio Solution File, Format Version 12.00
# Visual Studio Version 17
VisualStudioVersion = 17.5.002.0
MinimumVisualStudioVersion = 10.0.40219.1
Project("{9A19103F-16F7-4668-BE54-9A1E7A4F7556}") = "crypto", "crypto\crypto.csproj", "{EBF41581-2ACE-4BD4-AFD2-0259700C0D25}"
EndProject
Project("{2150E333-8FDC-42A3-9474-1A3956D46DE8}") = "Tests", "Tests", "{B3413D3D-2420-4403-80D8-B118A763257D}"
EndProject
Project("{FAE04EC0-301F-11D3-BF4B-00C04F79EFBC}") = "UnitTests", "Tests\UnitTests\UnitTests.csproj", "{B17CE957-AB81-413E-BCFB-2962C00652B6}"
EndProject
Global
	GlobalSection(SolutionConfigurationPlatforms) = preSolution
		Debug|Any CPU = Debug|Any CPU
		Release|Any CPU = Release|Any CPU
	EndGlobalSection
	GlobalSection(ProjectConfigurationPlatforms) = postSolution
		{EBF41581-2ACE-4BD4-AFD2-0259700C0D25}.Debug|Any CPU.ActiveCfg = Debug|Any CPU
		{EBF41581-2ACE-4BD4-AFD2-0259700C0D25}.Debug|Any CPU.Build.0 = Debug|Any CPU
		{EBF41581-2ACE-4BD4-AFD2-0259700C0D25}.Release|Any CPU.ActiveCfg = Release|Any CPU
		{EBF41581-2ACE-4BD4-AFD2-0259700C0D25}.Release|Any CPU.Build.0 = Release|Any CPU
		{B17CE957-AB81-413E-BCFB-2962C00652B6}.Debug|Any CPU.ActiveCfg = Debug|Any CPU
		{B17CE957-AB81-413E-BCFB-2962C00652B6}.Debug|Any CPU.Build.0 = Debug|Any CPU
		{B17CE957-AB81-413E-BCFB-2962C00652B6}.Release|Any CPU.ActiveCfg = Release|Any CPU
		{B17CE957-AB81-413E-BCFB-2962C00652B6}.Release|Any CPU.Build.0 = Release|Any CPU
	EndGlobalSection
	GlobalSection(SolutionProperties) = preSolution
		HideSolutionNode = FALSE
	EndGlobalSection
	GlobalSection(ExtensibilityGlobals) = postSolution
		SolutionGuid = {3F401188-07C3-4C15-97FC-14F9839FAA68}
	EndGlobalSection
	GlobalSection(NestedProjects) = preSolution
		{B17CE957-AB81-413E-BCFB-2962C00652B6} = {B3413D3D-2420-4403-80D8-B118A763257D}
	EndGlobalSection
EndGlobal
